
Microsoft Visual Studio Solution File, Format Version 12.00
# Visual Studio Version 17
VisualStudioVersion = 17.9.34616.47
MinimumVisualStudioVersion = 10.0.40219.1
Project("{FAE04EC0-301F-11D3-BF4B-00C04F79EFBC}") = "Route Session 04", "Route Session 04.csproj", "{D1D3E5FD-1AE5-487F-9FB8-04ED199C14F2}"
EndProject
Global
	GlobalSection(SolutionConfigurationPlatforms) = preSolution
		Debug|Any CPU = Debug|Any CPU
		Release|Any CPU = Release|Any CPU
	EndGlobalSection
	GlobalSection(ProjectConfigurationPlatforms) = postSolution
		{D1D3E5FD-1AE5-487F-9FB8-04ED199C14F2}.Debug|Any CPU.ActiveCfg = Debug|Any CPU
		{D1D3E5FD-1AE5-487F-9FB8-04ED199C14F2}.Debug|Any CPU.Build.0 = Debug|Any CPU
		{D1D3E5FD-1AE5-487F-9FB8-04ED199C14F2}.Release|Any CPU.ActiveCfg = Release|Any CPU
		{D1D3E5FD-1AE5-487F-9FB8-04ED199C14F2}.Release|Any CPU.Build.0 = Release|Any CPU
	EndGlobalSection
	GlobalSection(SolutionProperties) = preSolution
		HideSolutionNode = FALSE
	EndGlobalSection
	GlobalSection(ExtensibilityGlobals) = postSolution
		SolutionGuid = {79ED07A5-2335-4793-82B3-E7A4472E91EF}
	EndGlobalSection
EndGlobal
